// !$*UTF8*$!
{
	archiveVersion = 1;
	classes = {
	};
	objectVersion = 46;
	objects = {

/* Begin PBXBuildFile section */
		338BD38019E36306001927DE /* AppDelegate.swift in Sources */ = {isa = PBXBuildFile; fileRef = 338BD37F19E36306001927DE /* AppDelegate.swift */; };
		338BD38219E36306001927DE /* GameScene.sks in Resources */ = {isa = PBXBuildFile; fileRef = 338BD38119E36306001927DE /* GameScene.sks */; };
		338BD38419E36306001927DE /* GameScene.swift in Sources */ = {isa = PBXBuildFile; fileRef = 338BD38319E36306001927DE /* GameScene.swift */; };
		338BD38619E36306001927DE /* GameViewController.swift in Sources */ = {isa = PBXBuildFile; fileRef = 338BD38519E36306001927DE /* GameViewController.swift */; };
		338BD38919E36306001927DE /* Main.storyboard in Resources */ = {isa = PBXBuildFile; fileRef = 338BD38719E36306001927DE /* Main.storyboard */; };
		338BD38B19E36306001927DE /* Images.xcassets in Resources */ = {isa = PBXBuildFile; fileRef = 338BD38A19E36306001927DE /* Images.xcassets */; };
		338BD38E19E36306001927DE /* LaunchScreen.xib in Resources */ = {isa = PBXBuildFile; fileRef = 338BD38C19E36306001927DE /* LaunchScreen.xib */; };
		338BD39A19E36306001927DE /* GridGameTests.swift in Sources */ = {isa = PBXBuildFile; fileRef = 338BD39919E36306001927DE /* GridGameTests.swift */; };
/* End PBXBuildFile section */

/* Begin PBXContainerItemProxy section */
		338BD39419E36306001927DE /* PBXContainerItemProxy */ = {
			isa = PBXContainerItemProxy;
			containerPortal = 338BD37219E36306001927DE /* Project object */;
			proxyType = 1;
			remoteGlobalIDString = 338BD37919E36306001927DE;
			remoteInfo = GridGame;
		};
/* End PBXContainerItemProxy section */

/* Begin PBXFileReference section */
		338BD37A19E36306001927DE /* GridGame.app */ = {isa = PBXFileReference; explicitFileType = wrapper.application; includeInIndex = 0; path = GridGame.app; sourceTree = BUILT_PRODUCTS_DIR; };
		338BD37E19E36306001927DE /* Info.plist */ = {isa = PBXFileReference; lastKnownFileType = text.plist.xml; path = Info.plist; sourceTree = "<group>"; };
		338BD37F19E36306001927DE /* AppDelegate.swift */ = {isa = PBXFileReference; lastKnownFileType = sourcecode.swift; path = AppDelegate.swift; sourceTree = "<group>"; };
		338BD38119E36306001927DE /* GameScene.sks */ = {isa = PBXFileReference; lastKnownFileType = file.sks; path = GameScene.sks; sourceTree = "<group>"; };
		338BD38319E36306001927DE /* GameScene.swift */ = {isa = PBXFileReference; lastKnownFileType = sourcecode.swift; path = GameScene.swift; sourceTree = "<group>"; };
		338BD38519E36306001927DE /* GameViewController.swift */ = {isa = PBXFileReference; lastKnownFileType = sourcecode.swift; path = GameViewController.swift; sourceTree = "<group>"; };
		338BD38819E36306001927DE /* Base */ = {isa = PBXFileReference; lastKnownFileType = file.storyboard; name = Base; path = Base.lproj/Main.storyboard; sourceTree = "<group>"; };
		338BD38A19E36306001927DE /* Images.xcassets */ = {isa = PBXFileReference; lastKnownFileType = folder.assetcatalog; path = Images.xcassets; sourceTree = "<group>"; };
		338BD38D19E36306001927DE /* Base */ = {isa = PBXFileReference; lastKnownFileType = file.xib; name = Base; path = Base.lproj/LaunchScreen.xib; sourceTree = "<group>"; };
		338BD39319E36306001927DE /* GridGameTests.xctest */ = {isa = PBXFileReference; explicitFileType = wrapper.cfbundle; includeInIndex = 0; path = GridGameTests.xctest; sourceTree = BUILT_PRODUCTS_DIR; };
		338BD39819E36306001927DE /* Info.plist */ = {isa = PBXFileReference; lastKnownFileType = text.plist.xml; path = Info.plist; sourceTree = "<group>"; };
		338BD39919E36306001927DE /* GridGameTests.swift */ = {isa = PBXFileReference; lastKnownFileType = sourcecode.swift; path = GridGameTests.swift; sourceTree = "<group>"; };
/* End PBXFileReference section */

/* Begin PBXFrameworksBuildPhase section */
		338BD37719E36306001927DE /* Frameworks */ = {
			isa = PBXFrameworksBuildPhase;
			buildActionMask = 2147483647;
			files = (
			);
			runOnlyForDeploymentPostprocessing = 0;
		};
		338BD39019E36306001927DE /* Frameworks */ = {
			isa = PBXFrameworksBuildPhase;
			buildActionMask = 2147483647;
			files = (
			);
			runOnlyForDeploymentPostprocessing = 0;
		};
/* End PBXFrameworksBuildPhase section */

/* Begin PBXGroup section */
		338BD37119E36306001927DE = {
			isa = PBXGroup;
			children = (
				338BD37C19E36306001927DE /* GridGame */,
				338BD39619E36306001927DE /* GridGameTests */,
				338BD37B19E36306001927DE /* Products */,
			);
			sourceTree = "<group>";
		};
		338BD37B19E36306001927DE /* Products */ = {
			isa = PBXGroup;
			children = (
				338BD37A19E36306001927DE /* GridGame.app */,
				338BD39319E36306001927DE /* GridGameTests.xctest */,
			);
			name = Products;
			sourceTree = "<group>";
		};
		338BD37C19E36306001927DE /* GridGame */ = {
			isa = PBXGroup;
			children = (
				338BD37F19E36306001927DE /* AppDelegate.swift */,
				338BD38119E36306001927DE /* GameScene.sks */,
				338BD38319E36306001927DE /* GameScene.swift */,
				338BD38519E36306001927DE /* GameViewController.swift */,
				338BD38719E36306001927DE /* Main.storyboard */,
				338BD38A19E36306001927DE /* Images.xcassets */,
				338BD38C19E36306001927DE /* LaunchScreen.xib */,
				338BD37D19E36306001927DE /* Supporting Files */,
			);
			path = GridGame;
			sourceTree = "<group>";
		};
		338BD37D19E36306001927DE /* Supporting Files */ = {
			isa = PBXGroup;
			children = (
				338BD37E19E36306001927DE /* Info.plist */,
			);
			name = "Supporting Files";
			sourceTree = "<group>";
		};
		338BD39619E36306001927DE /* GridGameTests */ = {
			isa = PBXGroup;
			children = (
				338BD39919E36306001927DE /* GridGameTests.swift */,
				338BD39719E36306001927DE /* Supporting Files */,
			);
			path = GridGameTests;
			sourceTree = "<group>";
		};
		338BD39719E36306001927DE /* Supporting Files */ = {
			isa = PBXGroup;
			children = (
				338BD39819E36306001927DE /* Info.plist */,
			);
			name = "Supporting Files";
			sourceTree = "<group>";
		};
/* End PBXGroup section */

/* Begin PBXNativeTarget section */
		338BD37919E36306001927DE /* GridGame */ = {
			isa = PBXNativeTarget;
			buildConfigurationList = 338BD39D19E36306001927DE /* Build configuration list for PBXNativeTarget "GridGame" */;
			buildPhases = (
				338BD37619E36306001927DE /* Sources */,
				338BD37719E36306001927DE /* Frameworks */,
				338BD37819E36306001927DE /* Resources */,
			);
			buildRules = (
			);
			dependencies = (
			);
			name = GridGame;
			productName = GridGame;
			productReference = 338BD37A19E36306001927DE /* GridGame.app */;
			productType = "com.apple.product-type.application";
		};
		338BD39219E36306001927DE /* GridGameTests */ = {
			isa = PBXNativeTarget;
			buildConfigurationList = 338BD3A019E36306001927DE /* Build configuration list for PBXNativeTarget "GridGameTests" */;
			buildPhases = (
				338BD38F19E36306001927DE /* Sources */,
				338BD39019E36306001927DE /* Frameworks */,
				338BD39119E36306001927DE /* Resources */,
			);
			buildRules = (
			);
			dependencies = (
				338BD39519E36306001927DE /* PBXTargetDependency */,
			);
			name = GridGameTests;
			productName = GridGameTests;
			productReference = 338BD39319E36306001927DE /* GridGameTests.xctest */;
			productType = "com.apple.product-type.bundle.unit-test";
		};
/* End PBXNativeTarget section */

/* Begin PBXProject section */
		338BD37219E36306001927DE /* Project object */ = {
			isa = PBXProject;
			attributes = {
				LastUpgradeCheck = 0600;
				ORGANIZATIONNAME = "James Wu";
				TargetAttributes = {
					338BD37919E36306001927DE = {
						CreatedOnToolsVersion = 6.0;
					};
					338BD39219E36306001927DE = {
						CreatedOnToolsVersion = 6.0;
						TestTargetID = 338BD37919E36306001927DE;
					};
				};
			};
			buildConfigurationList = 338BD37519E36306001927DE /* Build configuration list for PBXProject "GridGame" */;
			compatibilityVersion = "Xcode 3.2";
			developmentRegion = English;
			hasScannedForEncodings = 0;
			knownRegions = (
				en,
				Base,
			);
			mainGroup = 338BD37119E36306001927DE;
			productRefGroup = 338BD37B19E36306001927DE /* Products */;
			projectDirPath = "";
			projectRoot = "";
			targets = (
				338BD37919E36306001927DE /* GridGame */,
				338BD39219E36306001927DE /* GridGameTests */,
			);
		};
/* End PBXProject section */

/* Begin PBXResourcesBuildPhase section */
		338BD37819E36306001927DE /* Resources */ = {
			isa = PBXResourcesBuildPhase;
			buildActionMask = 2147483647;
			files = (
				338BD38E19E36306001927DE /* LaunchScreen.xib in Resources */,
				338BD38B19E36306001927DE /* Images.xcassets in Resources */,
				338BD38219E36306001927DE /* GameScene.sks in Resources */,
				338BD38919E36306001927DE /* Main.storyboard in Resources */,
			);
			runOnlyForDeploymentPostprocessing = 0;
		};
		338BD39119E36306001927DE /* Resources */ = {
			isa = PBXResourcesBuildPhase;
			buildActionMask = 2147483647;
			files = (
			);
			runOnlyForDeploymentPostprocessing = 0;
		};
/* End PBXResourcesBuildPhase section */

/* Begin PBXSourcesBuildPhase section */
		338BD37619E36306001927DE /* Sources */ = {
			isa = PBXSourcesBuildPhase;
			buildActionMask = 2147483647;
			files = (
				338BD38419E36306001927DE /* GameScene.swift in Sources */,
				338BD38619E36306001927DE /* GameViewController.swift in Sources */,
				338BD38019E36306001927DE /* AppDelegate.swift in Sources */,
			);
			runOnlyForDeploymentPostprocessing = 0;
		};
		338BD38F19E36306001927DE /* Sources */ = {
			isa = PBXSourcesBuildPhase;
			buildActionMask = 2147483647;
			files = (
				338BD39A19E36306001927DE /* GridGameTests.swift in Sources */,
			);
			runOnlyForDeploymentPostprocessing = 0;
		};
/* End PBXSourcesBuildPhase section */

/* Begin PBXTargetDependency section */
		338BD39519E36306001927DE /* PBXTargetDependency */ = {
			isa = PBXTargetDependency;
			target = 338BD37919E36306001927DE /* GridGame */;
			targetProxy = 338BD39419E36306001927DE /* PBXContainerItemProxy */;
		};
/* End PBXTargetDependency section */

/* Begin PBXVariantGroup section */
		338BD38719E36306001927DE /* Main.storyboard */ = {
			isa = PBXVariantGroup;
			children = (
				338BD38819E36306001927DE /* Base */,
			);
			name = Main.storyboard;
			sourceTree = "<group>";
		};
		338BD38C19E36306001927DE /* LaunchScreen.xib */ = {
			isa = PBXVariantGroup;
			children = (
				338BD38D19E36306001927DE /* Base */,
			);
			name = LaunchScreen.xib;
			sourceTree = "<group>";
		};
/* End PBXVariantGroup section */

/* Begin XCBuildConfiguration section */
		338BD39B19E36306001927DE /* Debug */ = {
			isa = XCBuildConfiguration;
			buildSettings = {
				ALWAYS_SEARCH_USER_PATHS = NO;
				CLANG_CXX_LANGUAGE_STANDARD = "gnu++0x";
				CLANG_CXX_LIBRARY = "libc++";
				CLANG_ENABLE_MODULES = YES;
				CLANG_ENABLE_OBJC_ARC = YES;
				CLANG_WARN_BOOL_CONVERSION = YES;
				CLANG_WARN_CONSTANT_CONVERSION = YES;
				CLANG_WARN_DIRECT_OBJC_ISA_USAGE = YES_ERROR;
				CLANG_WARN_EMPTY_BODY = YES;
				CLANG_WARN_ENUM_CONVERSION = YES;
				CLANG_WARN_INT_CONVERSION = YES;
				CLANG_WARN_OBJC_ROOT_CLASS = YES_ERROR;
				CLANG_WARN_UNREACHABLE_CODE = YES;
				CLANG_WARN__DUPLICATE_METHOD_MATCH = YES;
				"CODE_SIGN_IDENTITY[sdk=iphoneos*]" = "iPhone Developer";
				COPY_PHASE_STRIP = NO;
				ENABLE_STRICT_OBJC_MSGSEND = YES;
				GCC_C_LANGUAGE_STANDARD = gnu99;
				GCC_DYNAMIC_NO_PIC = NO;
				GCC_OPTIMIZATION_LEVEL = 0;
				GCC_PREPROCESSOR_DEFINITIONS = (
					"DEBUG=1",
					"$(inherited)",
				);
				GCC_SYMBOLS_PRIVATE_EXTERN = NO;
				GCC_WARN_64_TO_32_BIT_CONVERSION = YES;
				GCC_WARN_ABOUT_RETURN_TYPE = YES_ERROR;
				GCC_WARN_UNDECLARED_SELECTOR = YES;
				GCC_WARN_UNINITIALIZED_AUTOS = YES_AGGRESSIVE;
				GCC_WARN_UNUSED_FUNCTION = YES;
				GCC_WARN_UNUSED_VARIABLE = YES;
				IPHONEOS_DEPLOYMENT_TARGET = 8.0;
				MTL_ENABLE_DEBUG_INFO = YES;
				ONLY_ACTIVE_ARCH = YES;
				SDKROOT = iphoneos;
				SWIFT_OPTIMIZATION_LEVEL = "-Onone";
			};
			name = Debug;
		};
		338BD39C19E36306001927DE /* Release */ = {
			isa = XCBuildConfiguration;
			buildSettings = {
				ALWAYS_SEARCH_USER_PATHS = NO;
				CLANG_CXX_LANGUAGE_STANDARD = "gnu++0x";
				CLANG_CXX_LIBRARY = "libc++";
				CLANG_ENABLE_MODULES = YES;
				CLANG_ENABLE_OBJC_ARC = YES;
				CLANG_WARN_BOOL_CONVERSION = YES;
				CLANG_WARN_CONSTANT_CONVERSION = YES;
				CLANG_WARN_DIRECT_OBJC_ISA_USAGE = YES_ERROR;
				CLANG_WARN_EMPTY_BODY = YES;
				CLANG_WARN_ENUM_CONVERSION = YES;
				CLANG_WARN_INT_CONVERSION = YES;
				CLANG_WARN_OBJC_ROOT_CLASS = YES_ERROR;
				CLANG_WARN_UNREACHABLE_CODE = YES;
				CLANG_WARN__DUPLICATE_METHOD_MATCH = YES;
				"CODE_SIGN_IDENTITY[sdk=iphoneos*]" = "iPhone Developer";
				COPY_PHASE_STRIP = YES;
				ENABLE_NS_ASSERTIONS = NO;
				ENABLE_STRICT_OBJC_MSGSEND = YES;
				GCC_C_LANGUAGE_STANDARD = gnu99;
				GCC_WARN_64_TO_32_BIT_CONVERSION = YES;
				GCC_WARN_ABOUT_RETURN_TYPE = YES_ERROR;
				GCC_WARN_UNDECLARED_SELECTOR = YES;
				GCC_WARN_UNINITIALIZED_AUTOS = YES_AGGRESSIVE;
				GCC_WARN_UNUSED_FUNCTION = YES;
				GCC_WARN_UNUSED_VARIABLE = YES;
				IPHONEOS_DEPLOYMENT_TARGET = 8.0;
				MTL_ENABLE_DEBUG_INFO = NO;
				SDKROOT = iphoneos;
				VALIDATE_PRODUCT = YES;
			};
			name = Release;
		};
		338BD39E19E36306001927DE /* Debug */ = {
			isa = XCBuildConfiguration;
			buildSettings = {
				ASSETCATALOG_COMPILER_APPICON_NAME = AppIcon;
				INFOPLIST_FILE = GridGame/Info.plist;
				LD_RUNPATH_SEARCH_PATHS = "$(inherited) @executable_path/Frameworks";
				PRODUCT_NAME = "$(TARGET_NAME)";
			};
			name = Debug;
		};
		338BD39F19E36306001927DE /* Release */ = {
			isa = XCBuildConfiguration;
			buildSettings = {
				ASSETCATALOG_COMPILER_APPICON_NAME = AppIcon;
				INFOPLIST_FILE = GridGame/Info.plist;
				LD_RUNPATH_SEARCH_PATHS = "$(inherited) @executable_path/Frameworks";
				PRODUCT_NAME = "$(TARGET_NAME)";
			};
			name = Release;
		};
		338BD3A119E36306001927DE /* Debug */ = {
			isa = XCBuildConfiguration;
			buildSettings = {
				BUNDLE_LOADER = "$(TEST_HOST)";
				FRAMEWORK_SEARCH_PATHS = (
					"$(SDKROOT)/Developer/Library/Frameworks",
					"$(inherited)",
				);
				GCC_PREPROCESSOR_DEFINITIONS = (
					"DEBUG=1",
					"$(inherited)",
				);
				INFOPLIST_FILE = GridGameTests/Info.plist;
				LD_RUNPATH_SEARCH_PATHS = "$(inherited) @executable_path/Frameworks @loader_path/Frameworks";
				PRODUCT_NAME = "$(TARGET_NAME)";
				TEST_HOST = "$(BUILT_PRODUCTS_DIR)/GridGame.app/GridGame";
			};
			name = Debug;
		};
		338BD3A219E36306001927DE /* Release */ = {
			isa = XCBuildConfiguration;
			buildSettings = {
				BUNDLE_LOADER = "$(TEST_HOST)";
				FRAMEWORK_SEARCH_PATHS = (
					"$(SDKROOT)/Developer/Library/Frameworks",
					"$(inherited)",
				);
				INFOPLIST_FILE = GridGameTests/Info.plist;
				LD_RUNPATH_SEARCH_PATHS = "$(inherited) @executable_path/Frameworks @loader_path/Frameworks";
				PRODUCT_NAME = "$(TARGET_NAME)";
				TEST_HOST = "$(BUILT_PRODUCTS_DIR)/GridGame.app/GridGame";
			};
			name = Release;
		};
/* End XCBuildConfiguration section */

/* Begin XCConfigurationList section */
		338BD37519E36306001927DE /* Build configuration list for PBXProject "GridGame" */ = {
			isa = XCConfigurationList;
			buildConfigurations = (
				338BD39B19E36306001927DE /* Debug */,
				338BD39C19E36306001927DE /* Release */,
			);
			defaultConfigurationIsVisible = 0;
			defaultConfigurationName = Release;
		};
		338BD39D19E36306001927DE /* Build configuration list for PBXNativeTarget "GridGame" */ = {
			isa = XCConfigurationList;
			buildConfigurations = (
				338BD39E19E36306001927DE /* Debug */,
				338BD39F19E36306001927DE /* Release */,
			);
			defaultConfigurationIsVisible = 0;
		};
		338BD3A019E36306001927DE /* Build configuration list for PBXNativeTarget "GridGameTests" */ = {
			isa = XCConfigurationList;
			buildConfigurations = (
				338BD3A119E36306001927DE /* Debug */,
				338BD3A219E36306001927DE /* Release */,
			);
			defaultConfigurationIsVisible = 0;
		};
/* End XCConfigurationList section */
	};
	rootObject = 338BD37219E36306001927DE /* Project object */;
}
